// !$*UTF8*$!
{
	archiveVersion = 1;
	classes = {
	};
	objectVersion = 46;
	objects = {

/* Begin PBXBuildFile section */
		460D15741F25ECE000521ABE /* ConversationsViewController.m in Sources */ = {isa = PBXBuildFile; fileRef = 460D15721F25ECE000521ABE /* ConversationsViewController.m */; };
		460D15751F25ECE000521ABE /* ConversationsViewController.xib in Resources */ = {isa = PBXBuildFile; fileRef = 460D15731F25ECE000521ABE /* ConversationsViewController.xib */; };
		463873511F42F3B9003E2450 /* CallViewController.m in Sources */ = {isa = PBXBuildFile; fileRef = 4638734F1F42F3B9003E2450 /* CallViewController.m */; };
		463873521F42F3B9003E2450 /* CallViewController.xib in Resources */ = {isa = PBXBuildFile; fileRef = 463873501F42F3B9003E2450 /* CallViewController.xib */; };
		464C1C801F36FFC100E0D1D1 /* ConversationTableViewCell.m in Sources */ = {isa = PBXBuildFile; fileRef = 464C1C7E1F36FFC100E0D1D1 /* ConversationTableViewCell.m */; };
		464C1C811F36FFC100E0D1D1 /* ConversationTableViewCell.xib in Resources */ = {isa = PBXBuildFile; fileRef = 464C1C7F1F36FFC100E0D1D1 /* ConversationTableViewCell.xib */; };
		464C1C861F37318000E0D1D1 /* ChatViewController.m in Sources */ = {isa = PBXBuildFile; fileRef = 464C1C841F37318000E0D1D1 /* ChatViewController.m */; };
		464C1C871F37318000E0D1D1 /* ChatViewController.xib in Resources */ = {isa = PBXBuildFile; fileRef = 464C1C851F37318000E0D1D1 /* ChatViewController.xib */; };
		464C1C9A1F373E8500E0D1D1 /* MessageTableViewCell.m in Sources */ = {isa = PBXBuildFile; fileRef = 464C1C981F373E8500E0D1D1 /* MessageTableViewCell.m */; };
		464C1C9B1F373E8500E0D1D1 /* MessageTableViewCell.xib in Resources */ = {isa = PBXBuildFile; fileRef = 464C1C991F373E8500E0D1D1 /* MessageTableViewCell.xib */; };
		4655A3521F276B9E00C94608 /* ContactInfoViewController.m in Sources */ = {isa = PBXBuildFile; fileRef = 4655A3501F276B9E00C94608 /* ContactInfoViewController.m */; };
		4655A3531F276B9E00C94608 /* ContactInfoViewController.xib in Resources */ = {isa = PBXBuildFile; fileRef = 4655A3511F276B9E00C94608 /* ContactInfoViewController.xib */; };
		4655A3571F2879A800C94608 /* UserInfoTableViewCell.m in Sources */ = {isa = PBXBuildFile; fileRef = 4655A3551F2879A800C94608 /* UserInfoTableViewCell.m */; };
		4655A3581F2879A800C94608 /* UserInfoTableViewCell.xib in Resources */ = {isa = PBXBuildFile; fileRef = 4655A3561F2879A800C94608 /* UserInfoTableViewCell.xib */; };
		4655A35D1F28BA0B00C94608 /* UserSubInfoTableViewCell.m in Sources */ = {isa = PBXBuildFile; fileRef = 4655A35B1F28BA0B00C94608 /* UserSubInfoTableViewCell.m */; };
		4655A35E1F28BA0B00C94608 /* UserSubInfoTableViewCell.xib in Resources */ = {isa = PBXBuildFile; fileRef = 4655A35C1F28BA0B00C94608 /* UserSubInfoTableViewCell.xib */; };
		46697D2B1F306AD8008696CB /* SettingsViewController.m in Sources */ = {isa = PBXBuildFile; fileRef = 46697D291F306AD8008696CB /* SettingsViewController.m */; };
		46697D2C1F306AD8008696CB /* SettingsViewController.xib in Resources */ = {isa = PBXBuildFile; fileRef = 46697D2A1F306AD8008696CB /* SettingsViewController.xib */; };
		46697D301F307B85008696CB /* ContactStatusTableViewCell.m in Sources */ = {isa = PBXBuildFile; fileRef = 46697D2E1F307B85008696CB /* ContactStatusTableViewCell.m */; };
		46697D311F307B85008696CB /* ContactStatusTableViewCell.xib in Resources */ = {isa = PBXBuildFile; fileRef = 46697D2F1F307B85008696CB /* ContactStatusTableViewCell.xib */; };
		46762C181F45887C005069DD /* RecentViewController.m in Sources */ = {isa = PBXBuildFile; fileRef = 46762C161F45887C005069DD /* RecentViewController.m */; };
		46762C191F45887C005069DD /* RecentViewController.xib in Resources */ = {isa = PBXBuildFile; fileRef = 46762C171F45887C005069DD /* RecentViewController.xib */; };
		46CF30961F39A0AB001D827F /* LoginViewController.m in Sources */ = {isa = PBXBuildFile; fileRef = 46CF30941F39A0AB001D827F /* LoginViewController.m */; };
		46CF30971F39A0AB001D827F /* LoginViewController.xib in Resources */ = {isa = PBXBuildFile; fileRef = 46CF30951F39A0AB001D827F /* LoginViewController.xib */; };
		46CF309C1F39D93E001D827F /* SettingsTableViewCell.m in Sources */ = {isa = PBXBuildFile; fileRef = 46CF309A1F39D93E001D827F /* SettingsTableViewCell.m */; };
		46CF309D1F39D93E001D827F /* SettingsTableViewCell.xib in Resources */ = {isa = PBXBuildFile; fileRef = 46CF309B1F39D93E001D827F /* SettingsTableViewCell.xib */; };
		46F09BD71F24B7EB0081F7D7 /* main.m in Sources */ = {isa = PBXBuildFile; fileRef = 46F09BD61F24B7EB0081F7D7 /* main.m */; };
		46F09BDA1F24B7EB0081F7D7 /* AppDelegate.m in Sources */ = {isa = PBXBuildFile; fileRef = 46F09BD91F24B7EB0081F7D7 /* AppDelegate.m */; };
		46F09BE21F24B7EB0081F7D7 /* Assets.xcassets in Resources */ = {isa = PBXBuildFile; fileRef = 46F09BE11F24B7EB0081F7D7 /* Assets.xcassets */; };
		46F09BE51F24B7EB0081F7D7 /* LaunchScreen.storyboard in Resources */ = {isa = PBXBuildFile; fileRef = 46F09BE31F24B7EB0081F7D7 /* LaunchScreen.storyboard */; };
		46F09BF01F24B7EB0081F7D7 /* RainbowSampleProjectTests.m in Sources */ = {isa = PBXBuildFile; fileRef = 46F09BEF1F24B7EB0081F7D7 /* RainbowSampleProjectTests.m */; };
		46F09BFB1F24B7EB0081F7D7 /* RainbowSampleProjectUITests.m in Sources */ = {isa = PBXBuildFile; fileRef = 46F09BFA1F24B7EB0081F7D7 /* RainbowSampleProjectUITests.m */; };
		46F09C0C1F24B8590081F7D7 /* Rainbow.framework in Frameworks */ = {isa = PBXBuildFile; fileRef = 46F09C081F24B8410081F7D7 /* Rainbow.framework */; };
		46F09C0D1F24B8590081F7D7 /* Rainbow.framework in Embed Frameworks */ = {isa = PBXBuildFile; fileRef = 46F09C081F24B8410081F7D7 /* Rainbow.framework */; settings = {ATTRIBUTES = (CodeSignOnCopy, RemoveHeadersOnCopy, ); }; };
		46F09C0E1F24B8590081F7D7 /* WebRTC.framework in Frameworks */ = {isa = PBXBuildFile; fileRef = 46F09C091F24B8410081F7D7 /* WebRTC.framework */; };
		46F09C0F1F24B8590081F7D7 /* WebRTC.framework in Embed Frameworks */ = {isa = PBXBuildFile; fileRef = 46F09C091F24B8410081F7D7 /* WebRTC.framework */; settings = {ATTRIBUTES = (CodeSignOnCopy, RemoveHeadersOnCopy, ); }; };
		46F09C1A1F24C7B00081F7D7 /* ContactsViewController.m in Sources */ = {isa = PBXBuildFile; fileRef = 46F09C181F24C7B00081F7D7 /* ContactsViewController.m */; };
		46F09C1B1F24C7B00081F7D7 /* ContactsViewController.xib in Resources */ = {isa = PBXBuildFile; fileRef = 46F09C191F24C7B00081F7D7 /* ContactsViewController.xib */; };
		46F09C211F24CECA0081F7D7 /* ContactsTableViewCell.m in Sources */ = {isa = PBXBuildFile; fileRef = 46F09C1F1F24CECA0081F7D7 /* ContactsTableViewCell.m */; };
		46F09C221F24CECA0081F7D7 /* ContactsTableViewCell.xib in Resources */ = {isa = PBXBuildFile; fileRef = 46F09C201F24CECA0081F7D7 /* ContactsTableViewCell.xib */; };
/* End PBXBuildFile section */

/* Begin PBXContainerItemProxy section */
		46F09BEC1F24B7EB0081F7D7 /* PBXContainerItemProxy */ = {
			isa = PBXContainerItemProxy;
			containerPortal = 46F09BCA1F24B7EB0081F7D7 /* Project object */;
			proxyType = 1;
			remoteGlobalIDString = 46F09BD11F24B7EB0081F7D7;
			remoteInfo = RainbowSampleProject;
		};
		46F09BF71F24B7EB0081F7D7 /* PBXContainerItemProxy */ = {
			isa = PBXContainerItemProxy;
			containerPortal = 46F09BCA1F24B7EB0081F7D7 /* Project object */;
			proxyType = 1;
			remoteGlobalIDString = 46F09BD11F24B7EB0081F7D7;
			remoteInfo = RainbowSampleProject;
		};
/* End PBXContainerItemProxy section */

/* Begin PBXCopyFilesBuildPhase section */
		46F09C101F24B8590081F7D7 /* Embed Frameworks */ = {
			isa = PBXCopyFilesBuildPhase;
			buildActionMask = 2147483647;
			dstPath = "";
			dstSubfolderSpec = 10;
			files = (
				46F09C0D1F24B8590081F7D7 /* Rainbow.framework in Embed Frameworks */,
				46F09C0F1F24B8590081F7D7 /* WebRTC.framework in Embed Frameworks */,
			);
			name = "Embed Frameworks";
			runOnlyForDeploymentPostprocessing = 0;
		};
/* End PBXCopyFilesBuildPhase section */

/* Begin PBXFileReference section */
		460D15711F25ECE000521ABE /* ConversationsViewController.h */ = {isa = PBXFileReference; fileEncoding = 4; lastKnownFileType = sourcecode.c.h; name = ConversationsViewController.h; path = Conversations/ConversationsViewController.h; sourceTree = "<group>"; };
		460D15721F25ECE000521ABE /* ConversationsViewController.m */ = {isa = PBXFileReference; fileEncoding = 4; lastKnownFileType = sourcecode.c.objc; name = ConversationsViewController.m; path = Conversations/ConversationsViewController.m; sourceTree = "<group>"; };
		460D15731F25ECE000521ABE /* ConversationsViewController.xib */ = {isa = PBXFileReference; fileEncoding = 4; lastKnownFileType = file.xib; name = ConversationsViewController.xib; path = Conversations/ConversationsViewController.xib; sourceTree = "<group>"; };
		4638734E1F42F3B9003E2450 /* CallViewController.h */ = {isa = PBXFileReference; fileEncoding = 4; lastKnownFileType = sourcecode.c.h; name = CallViewController.h; path = Conversations/CallViewController.h; sourceTree = "<group>"; };
		4638734F1F42F3B9003E2450 /* CallViewController.m */ = {isa = PBXFileReference; fileEncoding = 4; lastKnownFileType = sourcecode.c.objc; name = CallViewController.m; path = Conversations/CallViewController.m; sourceTree = "<group>"; };
		463873501F42F3B9003E2450 /* CallViewController.xib */ = {isa = PBXFileReference; fileEncoding = 4; lastKnownFileType = file.xib; name = CallViewController.xib; path = Conversations/CallViewController.xib; sourceTree = "<group>"; };
		464C1C7D1F36FFC100E0D1D1 /* ConversationTableViewCell.h */ = {isa = PBXFileReference; fileEncoding = 4; lastKnownFileType = sourcecode.c.h; name = ConversationTableViewCell.h; path = Conversations/ConversationTableViewCell.h; sourceTree = "<group>"; };
		464C1C7E1F36FFC100E0D1D1 /* ConversationTableViewCell.m */ = {isa = PBXFileReference; fileEncoding = 4; lastKnownFileType = sourcecode.c.objc; name = ConversationTableViewCell.m; path = Conversations/ConversationTableViewCell.m; sourceTree = "<group>"; };
		464C1C7F1F36FFC100E0D1D1 /* ConversationTableViewCell.xib */ = {isa = PBXFileReference; fileEncoding = 4; lastKnownFileType = file.xib; name = ConversationTableViewCell.xib; path = Conversations/ConversationTableViewCell.xib; sourceTree = "<group>"; };
		464C1C831F37318000E0D1D1 /* ChatViewController.h */ = {isa = PBXFileReference; fileEncoding = 4; lastKnownFileType = sourcecode.c.h; name = ChatViewController.h; path = Conversations/ChatViewController.h; sourceTree = "<group>"; };
		464C1C841F37318000E0D1D1 /* ChatViewController.m */ = {isa = PBXFileReference; fileEncoding = 4; lastKnownFileType = sourcecode.c.objc; name = ChatViewController.m; path = Conversations/ChatViewController.m; sourceTree = "<group>"; };
		464C1C851F37318000E0D1D1 /* ChatViewController.xib */ = {isa = PBXFileReference; fileEncoding = 4; lastKnownFileType = file.xib; name = ChatViewController.xib; path = Conversations/ChatViewController.xib; sourceTree = "<group>"; };
		464C1C971F373E8500E0D1D1 /* MessageTableViewCell.h */ = {isa = PBXFileReference; fileEncoding = 4; lastKnownFileType = sourcecode.c.h; path = MessageTableViewCell.h; sourceTree = "<group>"; };
		464C1C981F373E8500E0D1D1 /* MessageTableViewCell.m */ = {isa = PBXFileReference; fileEncoding = 4; lastKnownFileType = sourcecode.c.objc; path = MessageTableViewCell.m; sourceTree = "<group>"; };
		464C1C991F373E8500E0D1D1 /* MessageTableViewCell.xib */ = {isa = PBXFileReference; fileEncoding = 4; lastKnownFileType = file.xib; path = MessageTableViewCell.xib; sourceTree = "<group>"; };
		4655A34F1F276B9E00C94608 /* ContactInfoViewController.h */ = {isa = PBXFileReference; fileEncoding = 4; lastKnownFileType = sourcecode.c.h; name = ContactInfoViewController.h; path = Contacts/ContactInfoViewController.h; sourceTree = "<group>"; };
		4655A3501F276B9E00C94608 /* ContactInfoViewController.m */ = {isa = PBXFileReference; fileEncoding = 4; lastKnownFileType = sourcecode.c.objc; name = ContactInfoViewController.m; path = Contacts/ContactInfoViewController.m; sourceTree = "<group>"; };
		4655A3511F276B9E00C94608 /* ContactInfoViewController.xib */ = {isa = PBXFileReference; fileEncoding = 4; lastKnownFileType = file.xib; name = ContactInfoViewController.xib; path = Contacts/ContactInfoViewController.xib; sourceTree = "<group>"; };
		4655A3541F2879A800C94608 /* UserInfoTableViewCell.h */ = {isa = PBXFileReference; fileEncoding = 4; lastKnownFileType = sourcecode.c.h; name = UserInfoTableViewCell.h; path = Contacts/UserInfoTableViewCell.h; sourceTree = "<group>"; };
		4655A3551F2879A800C94608 /* UserInfoTableViewCell.m */ = {isa = PBXFileReference; fileEncoding = 4; lastKnownFileType = sourcecode.c.objc; name = UserInfoTableViewCell.m; path = Contacts/UserInfoTableViewCell.m; sourceTree = "<group>"; };
		4655A3561F2879A800C94608 /* UserInfoTableViewCell.xib */ = {isa = PBXFileReference; fileEncoding = 4; lastKnownFileType = file.xib; name = UserInfoTableViewCell.xib; path = Contacts/UserInfoTableViewCell.xib; sourceTree = "<group>"; };
		4655A35A1F28BA0B00C94608 /* UserSubInfoTableViewCell.h */ = {isa = PBXFileReference; fileEncoding = 4; lastKnownFileType = sourcecode.c.h; name = UserSubInfoTableViewCell.h; path = Contacts/UserSubInfoTableViewCell.h; sourceTree = "<group>"; };
		4655A35B1F28BA0B00C94608 /* UserSubInfoTableViewCell.m */ = {isa = PBXFileReference; fileEncoding = 4; lastKnownFileType = sourcecode.c.objc; name = UserSubInfoTableViewCell.m; path = Contacts/UserSubInfoTableViewCell.m; sourceTree = "<group>"; };
		4655A35C1F28BA0B00C94608 /* UserSubInfoTableViewCell.xib */ = {isa = PBXFileReference; fileEncoding = 4; lastKnownFileType = file.xib; name = UserSubInfoTableViewCell.xib; path = Contacts/UserSubInfoTableViewCell.xib; sourceTree = "<group>"; };
		46697D281F306AD8008696CB /* SettingsViewController.h */ = {isa = PBXFileReference; fileEncoding = 4; lastKnownFileType = sourcecode.c.h; name = SettingsViewController.h; path = Settings/SettingsViewController.h; sourceTree = "<group>"; };
		46697D291F306AD8008696CB /* SettingsViewController.m */ = {isa = PBXFileReference; fileEncoding = 4; lastKnownFileType = sourcecode.c.objc; name = SettingsViewController.m; path = Settings/SettingsViewController.m; sourceTree = "<group>"; };
		46697D2A1F306AD8008696CB /* SettingsViewController.xib */ = {isa = PBXFileReference; fileEncoding = 4; lastKnownFileType = file.xib; name = SettingsViewController.xib; path = Settings/SettingsViewController.xib; sourceTree = "<group>"; };
		46697D2D1F307B85008696CB /* ContactStatusTableViewCell.h */ = {isa = PBXFileReference; fileEncoding = 4; lastKnownFileType = sourcecode.c.h; name = ContactStatusTableViewCell.h; path = Settings/ContactStatusTableViewCell.h; sourceTree = "<group>"; };
		46697D2E1F307B85008696CB /* ContactStatusTableViewCell.m */ = {isa = PBXFileReference; fileEncoding = 4; lastKnownFileType = sourcecode.c.objc; name = ContactStatusTableViewCell.m; path = Settings/ContactStatusTableViewCell.m; sourceTree = "<group>"; };
		46697D2F1F307B85008696CB /* ContactStatusTableViewCell.xib */ = {isa = PBXFileReference; fileEncoding = 4; lastKnownFileType = file.xib; name = ContactStatusTableViewCell.xib; path = Settings/ContactStatusTableViewCell.xib; sourceTree = "<group>"; };
		46762C151F45887C005069DD /* RecentViewController.h */ = {isa = PBXFileReference; fileEncoding = 4; lastKnownFileType = sourcecode.c.h; name = RecentViewController.h; path = Recent/RecentViewController.h; sourceTree = "<group>"; };
		46762C161F45887C005069DD /* RecentViewController.m */ = {isa = PBXFileReference; fileEncoding = 4; lastKnownFileType = sourcecode.c.objc; name = RecentViewController.m; path = Recent/RecentViewController.m; sourceTree = "<group>"; };
		46762C171F45887C005069DD /* RecentViewController.xib */ = {isa = PBXFileReference; fileEncoding = 4; lastKnownFileType = file.xib; name = RecentViewController.xib; path = Recent/RecentViewController.xib; sourceTree = "<group>"; };
		46CF30931F39A0AB001D827F /* LoginViewController.h */ = {isa = PBXFileReference; fileEncoding = 4; lastKnownFileType = sourcecode.c.h; name = LoginViewController.h; path = Login/LoginViewController.h; sourceTree = "<group>"; };
		46CF30941F39A0AB001D827F /* LoginViewController.m */ = {isa = PBXFileReference; fileEncoding = 4; lastKnownFileType = sourcecode.c.objc; name = LoginViewController.m; path = Login/LoginViewController.m; sourceTree = "<group>"; };
		46CF30951F39A0AB001D827F /* LoginViewController.xib */ = {isa = PBXFileReference; fileEncoding = 4; lastKnownFileType = file.xib; name = LoginViewController.xib; path = Login/LoginViewController.xib; sourceTree = "<group>"; };
		46CF30991F39D93E001D827F /* SettingsTableViewCell.h */ = {isa = PBXFileReference; fileEncoding = 4; lastKnownFileType = sourcecode.c.h; name = SettingsTableViewCell.h; path = Settings/SettingsTableViewCell.h; sourceTree = "<group>"; };
		46CF309A1F39D93E001D827F /* SettingsTableViewCell.m */ = {isa = PBXFileReference; fileEncoding = 4; lastKnownFileType = sourcecode.c.objc; name = SettingsTableViewCell.m; path = Settings/SettingsTableViewCell.m; sourceTree = "<group>"; };
		46CF309B1F39D93E001D827F /* SettingsTableViewCell.xib */ = {isa = PBXFileReference; fileEncoding = 4; lastKnownFileType = file.xib; name = SettingsTableViewCell.xib; path = Settings/SettingsTableViewCell.xib; sourceTree = "<group>"; };
		46F09BD21F24B7EB0081F7D7 /* RainbowSampleProject.app */ = {isa = PBXFileReference; explicitFileType = wrapper.application; includeInIndex = 0; path = RainbowSampleProject.app; sourceTree = BUILT_PRODUCTS_DIR; };
		46F09BD61F24B7EB0081F7D7 /* main.m */ = {isa = PBXFileReference; lastKnownFileType = sourcecode.c.objc; path = main.m; sourceTree = "<group>"; };
		46F09BD81F24B7EB0081F7D7 /* AppDelegate.h */ = {isa = PBXFileReference; lastKnownFileType = sourcecode.c.h; path = AppDelegate.h; sourceTree = "<group>"; };
		46F09BD91F24B7EB0081F7D7 /* AppDelegate.m */ = {isa = PBXFileReference; lastKnownFileType = sourcecode.c.objc; path = AppDelegate.m; sourceTree = "<group>"; };
		46F09BE11F24B7EB0081F7D7 /* Assets.xcassets */ = {isa = PBXFileReference; lastKnownFileType = folder.assetcatalog; path = Assets.xcassets; sourceTree = "<group>"; };
		46F09BE41F24B7EB0081F7D7 /* Base */ = {isa = PBXFileReference; lastKnownFileType = file.storyboard; name = Base; path = Base.lproj/LaunchScreen.storyboard; sourceTree = "<group>"; };
		46F09BE61F24B7EB0081F7D7 /* Info.plist */ = {isa = PBXFileReference; lastKnownFileType = text.plist.xml; path = Info.plist; sourceTree = "<group>"; };
		46F09BEB1F24B7EB0081F7D7 /* RainbowSampleProjectTests.xctest */ = {isa = PBXFileReference; explicitFileType = wrapper.cfbundle; includeInIndex = 0; path = RainbowSampleProjectTests.xctest; sourceTree = BUILT_PRODUCTS_DIR; };
		46F09BEF1F24B7EB0081F7D7 /* RainbowSampleProjectTests.m */ = {isa = PBXFileReference; lastKnownFileType = sourcecode.c.objc; path = RainbowSampleProjectTests.m; sourceTree = "<group>"; };
		46F09BF11F24B7EB0081F7D7 /* Info.plist */ = {isa = PBXFileReference; lastKnownFileType = text.plist.xml; path = Info.plist; sourceTree = "<group>"; };
		46F09BF61F24B7EB0081F7D7 /* RainbowSampleProjectUITests.xctest */ = {isa = PBXFileReference; explicitFileType = wrapper.cfbundle; includeInIndex = 0; path = RainbowSampleProjectUITests.xctest; sourceTree = BUILT_PRODUCTS_DIR; };
		46F09BFA1F24B7EB0081F7D7 /* RainbowSampleProjectUITests.m */ = {isa = PBXFileReference; lastKnownFileType = sourcecode.c.objc; path = RainbowSampleProjectUITests.m; sourceTree = "<group>"; };
		46F09BFC1F24B7EB0081F7D7 /* Info.plist */ = {isa = PBXFileReference; lastKnownFileType = text.plist.xml; path = Info.plist; sourceTree = "<group>"; };
		46F09C081F24B8410081F7D7 /* Rainbow.framework */ = {isa = PBXFileReference; lastKnownFileType = wrapper.framework; path = Rainbow.framework; sourceTree = "<group>"; };
		46F09C091F24B8410081F7D7 /* WebRTC.framework */ = {isa = PBXFileReference; lastKnownFileType = wrapper.framework; path = WebRTC.framework; sourceTree = "<group>"; };
		46F09C171F24C7B00081F7D7 /* ContactsViewController.h */ = {isa = PBXFileReference; fileEncoding = 4; lastKnownFileType = sourcecode.c.h; name = ContactsViewController.h; path = Contacts/ContactsViewController.h; sourceTree = "<group>"; };
		46F09C181F24C7B00081F7D7 /* ContactsViewController.m */ = {isa = PBXFileReference; fileEncoding = 4; lastKnownFileType = sourcecode.c.objc; name = ContactsViewController.m; path = Contacts/ContactsViewController.m; sourceTree = "<group>"; };
		46F09C191F24C7B00081F7D7 /* ContactsViewController.xib */ = {isa = PBXFileReference; fileEncoding = 4; lastKnownFileType = file.xib; name = ContactsViewController.xib; path = Contacts/ContactsViewController.xib; sourceTree = "<group>"; };
		46F09C1E1F24CECA0081F7D7 /* ContactsTableViewCell.h */ = {isa = PBXFileReference; fileEncoding = 4; lastKnownFileType = sourcecode.c.h; name = ContactsTableViewCell.h; path = Contacts/ContactsTableViewCell.h; sourceTree = "<group>"; };
		46F09C1F1F24CECA0081F7D7 /* ContactsTableViewCell.m */ = {isa = PBXFileReference; fileEncoding = 4; lastKnownFileType = sourcecode.c.objc; name = ContactsTableViewCell.m; path = Contacts/ContactsTableViewCell.m; sourceTree = "<group>"; };
		46F09C201F24CECA0081F7D7 /* ContactsTableViewCell.xib */ = {isa = PBXFileReference; fileEncoding = 4; lastKnownFileType = file.xib; name = ContactsTableViewCell.xib; path = Contacts/ContactsTableViewCell.xib; sourceTree = "<group>"; };
/* End PBXFileReference section */

/* Begin PBXFrameworksBuildPhase section */
		46F09BCF1F24B7EB0081F7D7 /* Frameworks */ = {
			isa = PBXFrameworksBuildPhase;
			buildActionMask = 2147483647;
			files = (
				46F09C0C1F24B8590081F7D7 /* Rainbow.framework in Frameworks */,
				46F09C0E1F24B8590081F7D7 /* WebRTC.framework in Frameworks */,
			);
			runOnlyForDeploymentPostprocessing = 0;
		};
		46F09BE81F24B7EB0081F7D7 /* Frameworks */ = {
			isa = PBXFrameworksBuildPhase;
			buildActionMask = 2147483647;
			files = (
			);
			runOnlyForDeploymentPostprocessing = 0;
		};
		46F09BF31F24B7EB0081F7D7 /* Frameworks */ = {
			isa = PBXFrameworksBuildPhase;
			buildActionMask = 2147483647;
			files = (
			);
			runOnlyForDeploymentPostprocessing = 0;
		};
/* End PBXFrameworksBuildPhase section */

/* Begin PBXGroup section */
		460D15701F25ECAE00521ABE /* Conversations */ = {
			isa = PBXGroup;
			children = (
				464C1C7C1F36FF4500E0D1D1 /* Conversation Cell */,
				460D15711F25ECE000521ABE /* ConversationsViewController.h */,
				460D15721F25ECE000521ABE /* ConversationsViewController.m */,
				460D15731F25ECE000521ABE /* ConversationsViewController.xib */,
				464C1C831F37318000E0D1D1 /* ChatViewController.h */,
				464C1C841F37318000E0D1D1 /* ChatViewController.m */,
				464C1C851F37318000E0D1D1 /* ChatViewController.xib */,
				4638734E1F42F3B9003E2450 /* CallViewController.h */,
				4638734F1F42F3B9003E2450 /* CallViewController.m */,
				463873501F42F3B9003E2450 /* CallViewController.xib */,
			);
			name = Conversations;
			sourceTree = "<group>";
		};
		464C1C7C1F36FF4500E0D1D1 /* Conversation Cell */ = {
			isa = PBXGroup;
			children = (
				464C1C7D1F36FFC100E0D1D1 /* ConversationTableViewCell.h */,
				464C1C7E1F36FFC100E0D1D1 /* ConversationTableViewCell.m */,
				464C1C7F1F36FFC100E0D1D1 /* ConversationTableViewCell.xib */,
				464C1C971F373E8500E0D1D1 /* MessageTableViewCell.h */,
				464C1C981F373E8500E0D1D1 /* MessageTableViewCell.m */,
				464C1C991F373E8500E0D1D1 /* MessageTableViewCell.xib */,
			);
			name = "Conversation Cell";
			sourceTree = "<group>";
		};
		464C1C821F37014E00E0D1D1 /* Settings Cell */ = {
			isa = PBXGroup;
			children = (
				46697D2D1F307B85008696CB /* ContactStatusTableViewCell.h */,
				46697D2E1F307B85008696CB /* ContactStatusTableViewCell.m */,
				46697D2F1F307B85008696CB /* ContactStatusTableViewCell.xib */,
				46CF30991F39D93E001D827F /* SettingsTableViewCell.h */,
				46CF309A1F39D93E001D827F /* SettingsTableViewCell.m */,
				46CF309B1F39D93E001D827F /* SettingsTableViewCell.xib */,
			);
			name = "Settings Cell";
			sourceTree = "<group>";
		};
		46697D271F306ABC008696CB /* Settings */ = {
			isa = PBXGroup;
			children = (
				464C1C821F37014E00E0D1D1 /* Settings Cell */,
				46697D281F306AD8008696CB /* SettingsViewController.h */,
				46697D291F306AD8008696CB /* SettingsViewController.m */,
				46697D2A1F306AD8008696CB /* SettingsViewController.xib */,
			);
			name = Settings;
			sourceTree = "<group>";
		};
		46762C141F458855005069DD /* Recent */ = {
			isa = PBXGroup;
			children = (
				46762C151F45887C005069DD /* RecentViewController.h */,
				46762C161F45887C005069DD /* RecentViewController.m */,
				46762C171F45887C005069DD /* RecentViewController.xib */,
			);
			name = Recent;
			sourceTree = "<group>";
		};
		46CF30921F39A032001D827F /* Login */ = {
			isa = PBXGroup;
			children = (
				46CF30931F39A0AB001D827F /* LoginViewController.h */,
				46CF30941F39A0AB001D827F /* LoginViewController.m */,
				46CF30951F39A0AB001D827F /* LoginViewController.xib */,
			);
			name = Login;
			sourceTree = "<group>";
		};
		46CF30981F39ABBC001D827F /* AppDelegate */ = {
			isa = PBXGroup;
			children = (
				46F09BD81F24B7EB0081F7D7 /* AppDelegate.h */,
				46F09BD91F24B7EB0081F7D7 /* AppDelegate.m */,
			);
			name = AppDelegate;
			sourceTree = "<group>";
		};
		46F09BC91F24B7EB0081F7D7 = {
			isa = PBXGroup;
			children = (
				46F09BD41F24B7EB0081F7D7 /* RainbowSampleProject */,
				46F09BEE1F24B7EB0081F7D7 /* RainbowSampleProjectTests */,
				46F09BF91F24B7EB0081F7D7 /* RainbowSampleProjectUITests */,
				46F09BD31F24B7EB0081F7D7 /* Products */,
			);
			sourceTree = "<group>";
		};
		46F09BD31F24B7EB0081F7D7 /* Products */ = {
			isa = PBXGroup;
			children = (
				46F09BD21F24B7EB0081F7D7 /* RainbowSampleProject.app */,
				46F09BEB1F24B7EB0081F7D7 /* RainbowSampleProjectTests.xctest */,
				46F09BF61F24B7EB0081F7D7 /* RainbowSampleProjectUITests.xctest */,
			);
			name = Products;
			sourceTree = "<group>";
		};
		46F09BD41F24B7EB0081F7D7 /* RainbowSampleProject */ = {
			isa = PBXGroup;
			children = (
				46F09C241F25CDF00081F7D7 /* Modules */,
				46F09C111F24BCD00081F7D7 /* Frameworks */,
				46F09BE11F24B7EB0081F7D7 /* Assets.xcassets */,
				46F09BE31F24B7EB0081F7D7 /* LaunchScreen.storyboard */,
				46F09BE61F24B7EB0081F7D7 /* Info.plist */,
				46F09BD51F24B7EB0081F7D7 /* Supporting Files */,
			);
			path = RainbowSampleProject;
			sourceTree = "<group>";
		};
		46F09BD51F24B7EB0081F7D7 /* Supporting Files */ = {
			isa = PBXGroup;
			children = (
				46F09BD61F24B7EB0081F7D7 /* main.m */,
			);
			name = "Supporting Files";
			sourceTree = "<group>";
		};
		46F09BEE1F24B7EB0081F7D7 /* RainbowSampleProjectTests */ = {
			isa = PBXGroup;
			children = (
				46F09BEF1F24B7EB0081F7D7 /* RainbowSampleProjectTests.m */,
				46F09BF11F24B7EB0081F7D7 /* Info.plist */,
			);
			path = RainbowSampleProjectTests;
			sourceTree = "<group>";
		};
		46F09BF91F24B7EB0081F7D7 /* RainbowSampleProjectUITests */ = {
			isa = PBXGroup;
			children = (
				46F09BFA1F24B7EB0081F7D7 /* RainbowSampleProjectUITests.m */,
				46F09BFC1F24B7EB0081F7D7 /* Info.plist */,
			);
			path = RainbowSampleProjectUITests;
			sourceTree = "<group>";
		};
		46F09C111F24BCD00081F7D7 /* Frameworks */ = {
			isa = PBXGroup;
			children = (
				46F09C081F24B8410081F7D7 /* Rainbow.framework */,
				46F09C091F24B8410081F7D7 /* WebRTC.framework */,
			);
			name = Frameworks;
			sourceTree = "<group>";
		};
		46F09C161F24C78A0081F7D7 /* Contacts */ = {
			isa = PBXGroup;
			children = (
				46F09C1C1F24CEA20081F7D7 /* Contacts Cell */,
				46F09C171F24C7B00081F7D7 /* ContactsViewController.h */,
				46F09C181F24C7B00081F7D7 /* ContactsViewController.m */,
				46F09C191F24C7B00081F7D7 /* ContactsViewController.xib */,
				4655A34F1F276B9E00C94608 /* ContactInfoViewController.h */,
				4655A3501F276B9E00C94608 /* ContactInfoViewController.m */,
				4655A3511F276B9E00C94608 /* ContactInfoViewController.xib */,
			);
			name = Contacts;
			sourceTree = "<group>";
		};
		46F09C1C1F24CEA20081F7D7 /* Contacts Cell */ = {
			isa = PBXGroup;
			children = (
				46F09C1E1F24CECA0081F7D7 /* ContactsTableViewCell.h */,
				46F09C1F1F24CECA0081F7D7 /* ContactsTableViewCell.m */,
				46F09C201F24CECA0081F7D7 /* ContactsTableViewCell.xib */,
				4655A3541F2879A800C94608 /* UserInfoTableViewCell.h */,
				4655A3551F2879A800C94608 /* UserInfoTableViewCell.m */,
				4655A3561F2879A800C94608 /* UserInfoTableViewCell.xib */,
				4655A35A1F28BA0B00C94608 /* UserSubInfoTableViewCell.h */,
				4655A35B1F28BA0B00C94608 /* UserSubInfoTableViewCell.m */,
				4655A35C1F28BA0B00C94608 /* UserSubInfoTableViewCell.xib */,
			);
			name = "Contacts Cell";
			sourceTree = "<group>";
		};
		46F09C241F25CDF00081F7D7 /* Modules */ = {
			isa = PBXGroup;
			children = (
				46CF30981F39ABBC001D827F /* AppDelegate */,
				46762C141F458855005069DD /* Recent */,
				46CF30921F39A032001D827F /* Login */,
				46697D271F306ABC008696CB /* Settings */,
				460D15701F25ECAE00521ABE /* Conversations */,
				46F09C161F24C78A0081F7D7 /* Contacts */,
			);
			name = Modules;
			sourceTree = "<group>";
		};
/* End PBXGroup section */

/* Begin PBXNativeTarget section */
		46F09BD11F24B7EB0081F7D7 /* RainbowSampleProject */ = {
			isa = PBXNativeTarget;
			buildConfigurationList = 46F09BFF1F24B7EB0081F7D7 /* Build configuration list for PBXNativeTarget "RainbowSampleProject" */;
			buildPhases = (
				46F09BCE1F24B7EB0081F7D7 /* Sources */,
				46F09BCF1F24B7EB0081F7D7 /* Frameworks */,
				46F09BD01F24B7EB0081F7D7 /* Resources */,
				46F09C101F24B8590081F7D7 /* Embed Frameworks */,
			);
			buildRules = (
			);
			dependencies = (
			);
			name = RainbowSampleProject;
			productName = RainbowSampleProject;
			productReference = 46F09BD21F24B7EB0081F7D7 /* RainbowSampleProject.app */;
			productType = "com.apple.product-type.application";
		};
		46F09BEA1F24B7EB0081F7D7 /* RainbowSampleProjectTests */ = {
			isa = PBXNativeTarget;
			buildConfigurationList = 46F09C021F24B7EB0081F7D7 /* Build configuration list for PBXNativeTarget "RainbowSampleProjectTests" */;
			buildPhases = (
				46F09BE71F24B7EB0081F7D7 /* Sources */,
				46F09BE81F24B7EB0081F7D7 /* Frameworks */,
				46F09BE91F24B7EB0081F7D7 /* Resources */,
			);
			buildRules = (
			);
			dependencies = (
				46F09BED1F24B7EB0081F7D7 /* PBXTargetDependency */,
			);
			name = RainbowSampleProjectTests;
			productName = RainbowSampleProjectTests;
			productReference = 46F09BEB1F24B7EB0081F7D7 /* RainbowSampleProjectTests.xctest */;
			productType = "com.apple.product-type.bundle.unit-test";
		};
		46F09BF51F24B7EB0081F7D7 /* RainbowSampleProjectUITests */ = {
			isa = PBXNativeTarget;
			buildConfigurationList = 46F09C051F24B7EB0081F7D7 /* Build configuration list for PBXNativeTarget "RainbowSampleProjectUITests" */;
			buildPhases = (
				46F09BF21F24B7EB0081F7D7 /* Sources */,
				46F09BF31F24B7EB0081F7D7 /* Frameworks */,
				46F09BF41F24B7EB0081F7D7 /* Resources */,
			);
			buildRules = (
			);
			dependencies = (
				46F09BF81F24B7EB0081F7D7 /* PBXTargetDependency */,
			);
			name = RainbowSampleProjectUITests;
			productName = RainbowSampleProjectUITests;
			productReference = 46F09BF61F24B7EB0081F7D7 /* RainbowSampleProjectUITests.xctest */;
			productType = "com.apple.product-type.bundle.ui-testing";
		};
/* End PBXNativeTarget section */

/* Begin PBXProject section */
		46F09BCA1F24B7EB0081F7D7 /* Project object */ = {
			isa = PBXProject;
			attributes = {
				LastUpgradeCheck = 0830;
				ORGANIZATIONNAME = Asaltech;
				TargetAttributes = {
					46F09BD11F24B7EB0081F7D7 = {
						CreatedOnToolsVersion = 8.3.2;
						DevelopmentTeam = DUTZ9XXH37;
						ProvisioningStyle = Automatic;
					};
					46F09BEA1F24B7EB0081F7D7 = {
						CreatedOnToolsVersion = 8.3.2;
						DevelopmentTeam = W49WNQ8F82;
						ProvisioningStyle = Automatic;
						TestTargetID = 46F09BD11F24B7EB0081F7D7;
					};
					46F09BF51F24B7EB0081F7D7 = {
						CreatedOnToolsVersion = 8.3.2;
						DevelopmentTeam = W49WNQ8F82;
						ProvisioningStyle = Automatic;
						TestTargetID = 46F09BD11F24B7EB0081F7D7;
					};
				};
			};
			buildConfigurationList = 46F09BCD1F24B7EB0081F7D7 /* Build configuration list for PBXProject "RainbowSampleProject" */;
			compatibilityVersion = "Xcode 3.2";
			developmentRegion = English;
			hasScannedForEncodings = 0;
			knownRegions = (
				en,
				Base,
			);
			mainGroup = 46F09BC91F24B7EB0081F7D7;
			productRefGroup = 46F09BD31F24B7EB0081F7D7 /* Products */;
			projectDirPath = "";
			projectRoot = "";
			targets = (
				46F09BD11F24B7EB0081F7D7 /* RainbowSampleProject */,
				46F09BEA1F24B7EB0081F7D7 /* RainbowSampleProjectTests */,
				46F09BF51F24B7EB0081F7D7 /* RainbowSampleProjectUITests */,
			);
		};
/* End PBXProject section */

/* Begin PBXResourcesBuildPhase section */
		46F09BD01F24B7EB0081F7D7 /* Resources */ = {
			isa = PBXResourcesBuildPhase;
			buildActionMask = 2147483647;
			files = (
				460D15751F25ECE000521ABE /* ConversationsViewController.xib in Resources */,
				46697D2C1F306AD8008696CB /* SettingsViewController.xib in Resources */,
				463873521F42F3B9003E2450 /* CallViewController.xib in Resources */,
				464C1C9B1F373E8500E0D1D1 /* MessageTableViewCell.xib in Resources */,
				46CF309D1F39D93E001D827F /* SettingsTableViewCell.xib in Resources */,
				464C1C871F37318000E0D1D1 /* ChatViewController.xib in Resources */,
				46F09C221F24CECA0081F7D7 /* ContactsTableViewCell.xib in Resources */,
				4655A3581F2879A800C94608 /* UserInfoTableViewCell.xib in Resources */,
				464C1C811F36FFC100E0D1D1 /* ConversationTableViewCell.xib in Resources */,
				46F09BE51F24B7EB0081F7D7 /* LaunchScreen.storyboard in Resources */,
				4655A3531F276B9E00C94608 /* ContactInfoViewController.xib in Resources */,
				46697D311F307B85008696CB /* ContactStatusTableViewCell.xib in Resources */,
				46762C191F45887C005069DD /* RecentViewController.xib in Resources */,
				4655A35E1F28BA0B00C94608 /* UserSubInfoTableViewCell.xib in Resources */,
				46F09C1B1F24C7B00081F7D7 /* ContactsViewController.xib in Resources */,
				46CF30971F39A0AB001D827F /* LoginViewController.xib in Resources */,
				46F09BE21F24B7EB0081F7D7 /* Assets.xcassets in Resources */,
			);
			runOnlyForDeploymentPostprocessing = 0;
		};
		46F09BE91F24B7EB0081F7D7 /* Resources */ = {
			isa = PBXResourcesBuildPhase;
			buildActionMask = 2147483647;
			files = (
			);
			runOnlyForDeploymentPostprocessing = 0;
		};
		46F09BF41F24B7EB0081F7D7 /* Resources */ = {
			isa = PBXResourcesBuildPhase;
			buildActionMask = 2147483647;
			files = (
			);
			runOnlyForDeploymentPostprocessing = 0;
		};
/* End PBXResourcesBuildPhase section */

/* Begin PBXSourcesBuildPhase section */
		46F09BCE1F24B7EB0081F7D7 /* Sources */ = {
			isa = PBXSourcesBuildPhase;
			buildActionMask = 2147483647;
			files = (
				460D15741F25ECE000521ABE /* ConversationsViewController.m in Sources */,
				46F09C211F24CECA0081F7D7 /* ContactsTableViewCell.m in Sources */,
				46762C181F45887C005069DD /* RecentViewController.m in Sources */,
				464C1C861F37318000E0D1D1 /* ChatViewController.m in Sources */,
				46F09BDA1F24B7EB0081F7D7 /* AppDelegate.m in Sources */,
				46CF30961F39A0AB001D827F /* LoginViewController.m in Sources */,
				46697D2B1F306AD8008696CB /* SettingsViewController.m in Sources */,
				46697D301F307B85008696CB /* ContactStatusTableViewCell.m in Sources */,
				464C1C801F36FFC100E0D1D1 /* ConversationTableViewCell.m in Sources */,
				46F09C1A1F24C7B00081F7D7 /* ContactsViewController.m in Sources */,
				46F09BD71F24B7EB0081F7D7 /* main.m in Sources */,
				463873511F42F3B9003E2450 /* CallViewController.m in Sources */,
				4655A35D1F28BA0B00C94608 /* UserSubInfoTableViewCell.m in Sources */,
				464C1C9A1F373E8500E0D1D1 /* MessageTableViewCell.m in Sources */,
				4655A3571F2879A800C94608 /* UserInfoTableViewCell.m in Sources */,
				4655A3521F276B9E00C94608 /* ContactInfoViewController.m in Sources */,
				46CF309C1F39D93E001D827F /* SettingsTableViewCell.m in Sources */,
			);
			runOnlyForDeploymentPostprocessing = 0;
		};
		46F09BE71F24B7EB0081F7D7 /* Sources */ = {
			isa = PBXSourcesBuildPhase;
			buildActionMask = 2147483647;
			files = (
				46F09BF01F24B7EB0081F7D7 /* RainbowSampleProjectTests.m in Sources */,
			);
			runOnlyForDeploymentPostprocessing = 0;
		};
		46F09BF21F24B7EB0081F7D7 /* Sources */ = {
			isa = PBXSourcesBuildPhase;
			buildActionMask = 2147483647;
			files = (
				46F09BFB1F24B7EB0081F7D7 /* RainbowSampleProjectUITests.m in Sources */,
			);
			runOnlyForDeploymentPostprocessing = 0;
		};
/* End PBXSourcesBuildPhase section */

/* Begin PBXTargetDependency section */
		46F09BED1F24B7EB0081F7D7 /* PBXTargetDependency */ = {
			isa = PBXTargetDependency;
			target = 46F09BD11F24B7EB0081F7D7 /* RainbowSampleProject */;
			targetProxy = 46F09BEC1F24B7EB0081F7D7 /* PBXContainerItemProxy */;
		};
		46F09BF81F24B7EB0081F7D7 /* PBXTargetDependency */ = {
			isa = PBXTargetDependency;
			target = 46F09BD11F24B7EB0081F7D7 /* RainbowSampleProject */;
			targetProxy = 46F09BF71F24B7EB0081F7D7 /* PBXContainerItemProxy */;
		};
/* End PBXTargetDependency section */

/* Begin PBXVariantGroup section */
		46F09BE31F24B7EB0081F7D7 /* LaunchScreen.storyboard */ = {
			isa = PBXVariantGroup;
			children = (
				46F09BE41F24B7EB0081F7D7 /* Base */,
			);
			name = LaunchScreen.storyboard;
			sourceTree = "<group>";
		};
/* End PBXVariantGroup section */

/* Begin XCBuildConfiguration section */
		46F09BFD1F24B7EB0081F7D7 /* Debug */ = {
			isa = XCBuildConfiguration;
			buildSettings = {
				ALWAYS_SEARCH_USER_PATHS = NO;
				CLANG_ANALYZER_NONNULL = YES;
				CLANG_ANALYZER_NUMBER_OBJECT_CONVERSION = YES_AGGRESSIVE;
				CLANG_CXX_LANGUAGE_STANDARD = "gnu++0x";
				CLANG_CXX_LIBRARY = "libc++";
				CLANG_ENABLE_MODULES = YES;
				CLANG_ENABLE_OBJC_ARC = YES;
				CLANG_WARN_BOOL_CONVERSION = YES;
				CLANG_WARN_CONSTANT_CONVERSION = YES;
				CLANG_WARN_DIRECT_OBJC_ISA_USAGE = YES_ERROR;
				CLANG_WARN_DOCUMENTATION_COMMENTS = YES;
				CLANG_WARN_EMPTY_BODY = YES;
				CLANG_WARN_ENUM_CONVERSION = YES;
				CLANG_WARN_INFINITE_RECURSION = YES;
				CLANG_WARN_INT_CONVERSION = YES;
				CLANG_WARN_OBJC_ROOT_CLASS = YES_ERROR;
				CLANG_WARN_SUSPICIOUS_MOVE = YES;
				CLANG_WARN_UNREACHABLE_CODE = YES;
				CLANG_WARN__DUPLICATE_METHOD_MATCH = YES;
				"CODE_SIGN_IDENTITY[sdk=iphoneos*]" = "iPhone Developer";
				COPY_PHASE_STRIP = NO;
				DEBUG_INFORMATION_FORMAT = dwarf;
				ENABLE_STRICT_OBJC_MSGSEND = YES;
				ENABLE_TESTABILITY = YES;
				GCC_C_LANGUAGE_STANDARD = gnu99;
				GCC_DYNAMIC_NO_PIC = NO;
				GCC_NO_COMMON_BLOCKS = YES;
				GCC_OPTIMIZATION_LEVEL = 0;
				GCC_PREPROCESSOR_DEFINITIONS = (
					"DEBUG=1",
					"$(inherited)",
				);
				GCC_WARN_64_TO_32_BIT_CONVERSION = YES;
				GCC_WARN_ABOUT_RETURN_TYPE = YES_ERROR;
				GCC_WARN_UNDECLARED_SELECTOR = YES;
				GCC_WARN_UNINITIALIZED_AUTOS = YES_AGGRESSIVE;
				GCC_WARN_UNUSED_FUNCTION = YES;
				GCC_WARN_UNUSED_VARIABLE = YES;
				IPHONEOS_DEPLOYMENT_TARGET = 10.3;
				MTL_ENABLE_DEBUG_INFO = YES;
				ONLY_ACTIVE_ARCH = YES;
				SDKROOT = iphoneos;
			};
			name = Debug;
		};
		46F09BFE1F24B7EB0081F7D7 /* Release */ = {
			isa = XCBuildConfiguration;
			buildSettings = {
				ALWAYS_SEARCH_USER_PATHS = NO;
				CLANG_ANALYZER_NONNULL = YES;
				CLANG_ANALYZER_NUMBER_OBJECT_CONVERSION = YES_AGGRESSIVE;
				CLANG_CXX_LANGUAGE_STANDARD = "gnu++0x";
				CLANG_CXX_LIBRARY = "libc++";
				CLANG_ENABLE_MODULES = YES;
				CLANG_ENABLE_OBJC_ARC = YES;
				CLANG_WARN_BOOL_CONVERSION = YES;
				CLANG_WARN_CONSTANT_CONVERSION = YES;
				CLANG_WARN_DIRECT_OBJC_ISA_USAGE = YES_ERROR;
				CLANG_WARN_DOCUMENTATION_COMMENTS = YES;
				CLANG_WARN_EMPTY_BODY = YES;
				CLANG_WARN_ENUM_CONVERSION = YES;
				CLANG_WARN_INFINITE_RECURSION = YES;
				CLANG_WARN_INT_CONVERSION = YES;
				CLANG_WARN_OBJC_ROOT_CLASS = YES_ERROR;
				CLANG_WARN_SUSPICIOUS_MOVE = YES;
				CLANG_WARN_UNREACHABLE_CODE = YES;
				CLANG_WARN__DUPLICATE_METHOD_MATCH = YES;
				"CODE_SIGN_IDENTITY[sdk=iphoneos*]" = "iPhone Developer";
				COPY_PHASE_STRIP = NO;
				DEBUG_INFORMATION_FORMAT = "dwarf-with-dsym";
				ENABLE_NS_ASSERTIONS = NO;
				ENABLE_STRICT_OBJC_MSGSEND = YES;
				GCC_C_LANGUAGE_STANDARD = gnu99;
				GCC_NO_COMMON_BLOCKS = YES;
				GCC_WARN_64_TO_32_BIT_CONVERSION = YES;
				GCC_WARN_ABOUT_RETURN_TYPE = YES_ERROR;
				GCC_WARN_UNDECLARED_SELECTOR = YES;
				GCC_WARN_UNINITIALIZED_AUTOS = YES_AGGRESSIVE;
				GCC_WARN_UNUSED_FUNCTION = YES;
				GCC_WARN_UNUSED_VARIABLE = YES;
				IPHONEOS_DEPLOYMENT_TARGET = 10.3;
				MTL_ENABLE_DEBUG_INFO = NO;
				SDKROOT = iphoneos;
				VALIDATE_PRODUCT = YES;
			};
			name = Release;
		};
		46F09C001F24B7EB0081F7D7 /* Debug */ = {
			isa = XCBuildConfiguration;
			buildSettings = {
				ASSETCATALOG_COMPILER_APPICON_NAME = AppIcon;
				DEVELOPMENT_TEAM = DUTZ9XXH37;
				ENABLE_BITCODE = NO;
				FRAMEWORK_SEARCH_PATHS = (
					"$(inherited)",
					"$(PROJECT_DIR)/RainbowSampleProject",
				);
				INFOPLIST_FILE = RainbowSampleProject/Info.plist;
				IPHONEOS_DEPLOYMENT_TARGET = 10.0;
				LD_RUNPATH_SEARCH_PATHS = "$(inherited) @executable_path/Frameworks";
				PRODUCT_BUNDLE_IDENTIFIER = asaltech.RainbowSampleProject;
				PRODUCT_NAME = "$(TARGET_NAME)";
			};
			name = Debug;
		};
		46F09C011F24B7EB0081F7D7 /* Release */ = {
			isa = XCBuildConfiguration;
			buildSettings = {
				ASSETCATALOG_COMPILER_APPICON_NAME = AppIcon;
				DEVELOPMENT_TEAM = DUTZ9XXH37;
				ENABLE_BITCODE = NO;
				FRAMEWORK_SEARCH_PATHS = (
					"$(inherited)",
					"$(PROJECT_DIR)/RainbowSampleProject",
				);
				INFOPLIST_FILE = RainbowSampleProject/Info.plist;
				IPHONEOS_DEPLOYMENT_TARGET = 10.0;
				LD_RUNPATH_SEARCH_PATHS = "$(inherited) @executable_path/Frameworks";
				PRODUCT_BUNDLE_IDENTIFIER = asaltech.RainbowSampleProject;
				PRODUCT_NAME = "$(TARGET_NAME)";
			};
			name = Release;
		};
		46F09C031F24B7EB0081F7D7 /* Debug */ = {
			isa = XCBuildConfiguration;
			buildSettings = {
				BUNDLE_LOADER = "$(TEST_HOST)";
				DEVELOPMENT_TEAM = W49WNQ8F82;
				INFOPLIST_FILE = RainbowSampleProjectTests/Info.plist;
				LD_RUNPATH_SEARCH_PATHS = "$(inherited) @executable_path/Frameworks @loader_path/Frameworks";
				PRODUCT_BUNDLE_IDENTIFIER = asaltech.RainbowSampleProjectTests;
				PRODUCT_NAME = "$(TARGET_NAME)";
				TEST_HOST = "$(BUILT_PRODUCTS_DIR)/RainbowSampleProject.app/RainbowSampleProject";
			};
			name = Debug;
		};
		46F09C041F24B7EB0081F7D7 /* Release */ = {
			isa = XCBuildConfiguration;
			buildSettings = {
				BUNDLE_LOADER = "$(TEST_HOST)";
				DEVELOPMENT_TEAM = W49WNQ8F82;
				INFOPLIST_FILE = RainbowSampleProjectTests/Info.plist;
				LD_RUNPATH_SEARCH_PATHS = "$(inherited) @executable_path/Frameworks @loader_path/Frameworks";
				PRODUCT_BUNDLE_IDENTIFIER = asaltech.RainbowSampleProjectTests;
				PRODUCT_NAME = "$(TARGET_NAME)";
				TEST_HOST = "$(BUILT_PRODUCTS_DIR)/RainbowSampleProject.app/RainbowSampleProject";
			};
			name = Release;
		};
		46F09C061F24B7EB0081F7D7 /* Debug */ = {
			isa = XCBuildConfiguration;
			buildSettings = {
				DEVELOPMENT_TEAM = W49WNQ8F82;
				INFOPLIST_FILE = RainbowSampleProjectUITests/Info.plist;
				LD_RUNPATH_SEARCH_PATHS = "$(inherited) @executable_path/Frameworks @loader_path/Frameworks";
				PRODUCT_BUNDLE_IDENTIFIER = asaltech.RainbowSampleProjectUITests;
				PRODUCT_NAME = "$(TARGET_NAME)";
				TEST_TARGET_NAME = RainbowSampleProject;
			};
			name = Debug;
		};
		46F09C071F24B7EB0081F7D7 /* Release */ = {
			isa = XCBuildConfiguration;
			buildSettings = {
				DEVELOPMENT_TEAM = W49WNQ8F82;
				INFOPLIST_FILE = RainbowSampleProjectUITests/Info.plist;
				LD_RUNPATH_SEARCH_PATHS = "$(inherited) @executable_path/Frameworks @loader_path/Frameworks";
				PRODUCT_BUNDLE_IDENTIFIER = asaltech.RainbowSampleProjectUITests;
				PRODUCT_NAME = "$(TARGET_NAME)";
				TEST_TARGET_NAME = RainbowSampleProject;
			};
			name = Release;
		};
/* End XCBuildConfiguration section */

/* Begin XCConfigurationList section */
		46F09BCD1F24B7EB0081F7D7 /* Build configuration list for PBXProject "RainbowSampleProject" */ = {
			isa = XCConfigurationList;
			buildConfigurations = (
				46F09BFD1F24B7EB0081F7D7 /* Debug */,
				46F09BFE1F24B7EB0081F7D7 /* Release */,
			);
			defaultConfigurationIsVisible = 0;
			defaultConfigurationName = Release;
		};
		46F09BFF1F24B7EB0081F7D7 /* Build configuration list for PBXNativeTarget "RainbowSampleProject" */ = {
			isa = XCConfigurationList;
			buildConfigurations = (
				46F09C001F24B7EB0081F7D7 /* Debug */,
				46F09C011F24B7EB0081F7D7 /* Release */,
			);
			defaultConfigurationIsVisible = 0;
			defaultConfigurationName = Release;
		};
		46F09C021F24B7EB0081F7D7 /* Build configuration list for PBXNativeTarget "RainbowSampleProjectTests" */ = {
			isa = XCConfigurationList;
			buildConfigurations = (
				46F09C031F24B7EB0081F7D7 /* Debug */,
				46F09C041F24B7EB0081F7D7 /* Release */,
			);
			defaultConfigurationIsVisible = 0;
			defaultConfigurationName = Release;
		};
		46F09C051F24B7EB0081F7D7 /* Build configuration list for PBXNativeTarget "RainbowSampleProjectUITests" */ = {
			isa = XCConfigurationList;
			buildConfigurations = (
				46F09C061F24B7EB0081F7D7 /* Debug */,
				46F09C071F24B7EB0081F7D7 /* Release */,
			);
			defaultConfigurationIsVisible = 0;
			defaultConfigurationName = Release;
		};
/* End XCConfigurationList section */
	};
	rootObject = 46F09BCA1F24B7EB0081F7D7 /* Project object */;
}
